
Microsoft Visual Studio Solution File, Format Version 12.00
# Visual Studio Version 17
VisualStudioVersion = 17.4.33205.214
MinimumVisualStudioVersion = 10.0.40219.1
Project("{FAE04EC0-301F-11D3-BF4B-00C04F79EFBC}") = "Entities", "Entities\Entities.csproj", "{876D3E2A-6E3A-4077-98E5-A44B0C930CB9}"
EndProject
Project("{FAE04EC0-301F-11D3-BF4B-00C04F79EFBC}") = "DataAccess", "DataAccess\DataAccess.csproj", "{3891514B-B3C0-4DBF-BF7B-D1CE22BFA72B}"
EndProject
Project("{FAE04EC0-301F-11D3-BF4B-00C04F79EFBC}") = "Business", "Business\Business.csproj", "{A7CD4D68-E12B-4BCD-A00E-FDF7CB6AD0DB}"
EndProject
Project("{FAE04EC0-301F-11D3-BF4B-00C04F79EFBC}") = "Core", "Core\Core.csproj", "{EF41B51A-D51E-4838-89C0-163FDA7264DC}"
EndProject
Project("{FAE04EC0-301F-11D3-BF4B-00C04F79EFBC}") = "WebAPI", "WebAPI\WebAPI.csproj", "{44E103AC-37E5-4C29-842B-3C6FBC24DAC1}"
EndProject
Global
	GlobalSection(SolutionConfigurationPlatforms) = preSolution
		Debug|Any CPU = Debug|Any CPU
		Release|Any CPU = Release|Any CPU
	EndGlobalSection
	GlobalSection(ProjectConfigurationPlatforms) = postSolution
		{876D3E2A-6E3A-4077-98E5-A44B0C930CB9}.Debug|Any CPU.ActiveCfg = Debug|Any CPU
		{876D3E2A-6E3A-4077-98E5-A44B0C930CB9}.Debug|Any CPU.Build.0 = Debug|Any CPU
		{876D3E2A-6E3A-4077-98E5-A44B0C930CB9}.Release|Any CPU.ActiveCfg = Release|Any CPU
		{876D3E2A-6E3A-4077-98E5-A44B0C930CB9}.Release|Any CPU.Build.0 = Release|Any CPU
		{3891514B-B3C0-4DBF-BF7B-D1CE22BFA72B}.Debug|Any CPU.ActiveCfg = Debug|Any CPU
		{3891514B-B3C0-4DBF-BF7B-D1CE22BFA72B}.Debug|Any CPU.Build.0 = Debug|Any CPU
		{3891514B-B3C0-4DBF-BF7B-D1CE22BFA72B}.Release|Any CPU.ActiveCfg = Release|Any CPU
		{3891514B-B3C0-4DBF-BF7B-D1CE22BFA72B}.Release|Any CPU.Build.0 = Release|Any CPU
		{A7CD4D68-E12B-4BCD-A00E-FDF7CB6AD0DB}.Debug|Any CPU.ActiveCfg = Debug|Any CPU
		{A7CD4D68-E12B-4BCD-A00E-FDF7CB6AD0DB}.Debug|Any CPU.Build.0 = Debug|Any CPU
		{A7CD4D68-E12B-4BCD-A00E-FDF7CB6AD0DB}.Release|Any CPU.ActiveCfg = Release|Any CPU
		{A7CD4D68-E12B-4BCD-A00E-FDF7CB6AD0DB}.Release|Any CPU.Build.0 = Release|Any CPU
		{EF41B51A-D51E-4838-89C0-163FDA7264DC}.Debug|Any CPU.ActiveCfg = Debug|Any CPU
		{EF41B51A-D51E-4838-89C0-163FDA7264DC}.Debug|Any CPU.Build.0 = Debug|Any CPU
		{EF41B51A-D51E-4838-89C0-163FDA7264DC}.Release|Any CPU.ActiveCfg = Release|Any CPU
		{EF41B51A-D51E-4838-89C0-163FDA7264DC}.Release|Any CPU.Build.0 = Release|Any CPU
		{44E103AC-37E5-4C29-842B-3C6FBC24DAC1}.Debug|Any CPU.ActiveCfg = Debug|Any CPU
		{44E103AC-37E5-4C29-842B-3C6FBC24DAC1}.Debug|Any CPU.Build.0 = Debug|Any CPU
		{44E103AC-37E5-4C29-842B-3C6FBC24DAC1}.Release|Any CPU.ActiveCfg = Release|Any CPU
		{44E103AC-37E5-4C29-842B-3C6FBC24DAC1}.Release|Any CPU.Build.0 = Release|Any CPU
	EndGlobalSection
	GlobalSection(SolutionProperties) = preSolution
		HideSolutionNode = FALSE
	EndGlobalSection
	GlobalSection(ExtensibilityGlobals) = postSolution
		SolutionGuid = {9EBD4631-2433-4BC5-BD1D-7779144B29C9}
	EndGlobalSection
EndGlobal
